# This file is automatically @generated by Poetry 1.4.2 and should not be changed by hand.

[[package]]
name = "gitignore-parser"
version = "0.1.3"
description = "A spec-compliant gitignore parser for Python 3.5+"
category = "main"
optional = false
python-versions = "*"
files = [
    {file = "gitignore_parser-0.1.3.tar.gz", hash = "sha256:d0150d81889251d00cde6cf38931ab5613ca1109f5b3905a232c8458ff0d6991"},
]

[metadata]
lock-version = "2.0"
python-versions = "^3.9"
content-hash = "ed2e122a39175785fe47e525c8c06c6c4fc7ff8cee63c3ed4fa4aeef8bb4dce0"
